// !$*UTF8*$!
{
	archiveVersion = 1;
	classes = {
	};
	objectVersion = 56;
	objects = {

/* Begin PBXBuildFile section */
		5A22AE3F29B396F8007733A0 /* CovidDetails.swift in Sources */ = {isa = PBXBuildFile; fileRef = 5A22AE3E29B396F8007733A0 /* CovidDetails.swift */; };
		5A22AE4229B39E03007733A0 /* CovidCountryDetails.swift in Sources */ = {isa = PBXBuildFile; fileRef = 5A22AE4129B39E03007733A0 /* CovidCountryDetails.swift */; };
		5AA2BCCF29B2C15900ED706D /* country_details.swift in Sources */ = {isa = PBXBuildFile; fileRef = 5AA2BCCE29B2C15900ED706D /* country_details.swift */; };
		5AA2BCD329B2F19D00ED706D /* Covid_Countries.swift in Sources */ = {isa = PBXBuildFile; fileRef = 5AA2BCD229B2F19D00ED706D /* Covid_Countries.swift */; };
		7B9631A829AE6DA4002854E6 /* healthy_test_projectApp.swift in Sources */ = {isa = PBXBuildFile; fileRef = 7B9631A729AE6DA4002854E6 /* healthy_test_projectApp.swift */; };
		7B9631AA29AE6DA4002854E6 /* ContentView.swift in Sources */ = {isa = PBXBuildFile; fileRef = 7B9631A929AE6DA4002854E6 /* ContentView.swift */; };
		7B9631AC29AE6DA9002854E6 /* Assets.xcassets in Resources */ = {isa = PBXBuildFile; fileRef = 7B9631AB29AE6DA9002854E6 /* Assets.xcassets */; };
		7B9631AF29AE6DA9002854E6 /* Preview Assets.xcassets in Resources */ = {isa = PBXBuildFile; fileRef = 7B9631AE29AE6DA9002854E6 /* Preview Assets.xcassets */; };
		7B9631B929AE6DA9002854E6 /* healthy_test_projectTests.swift in Sources */ = {isa = PBXBuildFile; fileRef = 7B9631B829AE6DA9002854E6 /* healthy_test_projectTests.swift */; };
		7B9631C329AE6DA9002854E6 /* healthy_test_projectUITests.swift in Sources */ = {isa = PBXBuildFile; fileRef = 7B9631C229AE6DA9002854E6 /* healthy_test_projectUITests.swift */; };
		7B9631C529AE6DA9002854E6 /* healthy_test_projectUITestsLaunchTests.swift in Sources */ = {isa = PBXBuildFile; fileRef = 7B9631C429AE6DA9002854E6 /* healthy_test_projectUITestsLaunchTests.swift */; };
		7B9631D329AE6F2D002854E6 /* GetCountry.swift in Sources */ = {isa = PBXBuildFile; fileRef = 7B9631D229AE6F2D002854E6 /* GetCountry.swift */; };
		7BB51F7029AEAC7000EDA20D /* SwiftyJSON in Frameworks */ = {isa = PBXBuildFile; productRef = 7BB51F6F29AEAC7000EDA20D /* SwiftyJSON */; };
/* End PBXBuildFile section */

/* Begin PBXContainerItemProxy section */
		7B9631B529AE6DA9002854E6 /* PBXContainerItemProxy */ = {
			isa = PBXContainerItemProxy;
			containerPortal = 7B96319C29AE6DA4002854E6 /* Project object */;
			proxyType = 1;
			remoteGlobalIDString = 7B9631A329AE6DA4002854E6;
			remoteInfo = "healthy test project";
		};
		7B9631BF29AE6DA9002854E6 /* PBXContainerItemProxy */ = {
			isa = PBXContainerItemProxy;
			containerPortal = 7B96319C29AE6DA4002854E6 /* Project object */;
			proxyType = 1;
			remoteGlobalIDString = 7B9631A329AE6DA4002854E6;
			remoteInfo = "healthy test project";
		};
/* End PBXContainerItemProxy section */

/* Begin PBXFileReference section */
		5A22AE3E29B396F8007733A0 /* CovidDetails.swift */ = {isa = PBXFileReference; lastKnownFileType = sourcecode.swift; path = CovidDetails.swift; sourceTree = "<group>"; };
		5A22AE4129B39E03007733A0 /* CovidCountryDetails.swift */ = {isa = PBXFileReference; lastKnownFileType = sourcecode.swift; path = CovidCountryDetails.swift; sourceTree = "<group>"; };
		5AA2BCCE29B2C15900ED706D /* country_details.swift */ = {isa = PBXFileReference; lastKnownFileType = sourcecode.swift; path = country_details.swift; sourceTree = "<group>"; };
		5AA2BCD229B2F19D00ED706D /* Covid_Countries.swift */ = {isa = PBXFileReference; lastKnownFileType = sourcecode.swift; path = Covid_Countries.swift; sourceTree = "<group>"; };
		7B9631A429AE6DA4002854E6 /* healthy test project.app */ = {isa = PBXFileReference; explicitFileType = wrapper.application; includeInIndex = 0; path = "healthy test project.app"; sourceTree = BUILT_PRODUCTS_DIR; };
		7B9631A729AE6DA4002854E6 /* healthy_test_projectApp.swift */ = {isa = PBXFileReference; lastKnownFileType = sourcecode.swift; path = healthy_test_projectApp.swift; sourceTree = "<group>"; };
		7B9631A929AE6DA4002854E6 /* ContentView.swift */ = {isa = PBXFileReference; lastKnownFileType = sourcecode.swift; path = ContentView.swift; sourceTree = "<group>"; };
		7B9631AB29AE6DA9002854E6 /* Assets.xcassets */ = {isa = PBXFileReference; lastKnownFileType = folder.assetcatalog; path = Assets.xcassets; sourceTree = "<group>"; };
		7B9631AE29AE6DA9002854E6 /* Preview Assets.xcassets */ = {isa = PBXFileReference; lastKnownFileType = folder.assetcatalog; path = "Preview Assets.xcassets"; sourceTree = "<group>"; };
		7B9631B429AE6DA9002854E6 /* healthy test projectTests.xctest */ = {isa = PBXFileReference; explicitFileType = wrapper.cfbundle; includeInIndex = 0; path = "healthy test projectTests.xctest"; sourceTree = BUILT_PRODUCTS_DIR; };
		7B9631B829AE6DA9002854E6 /* healthy_test_projectTests.swift */ = {isa = PBXFileReference; lastKnownFileType = sourcecode.swift; path = healthy_test_projectTests.swift; sourceTree = "<group>"; };
		7B9631BE29AE6DA9002854E6 /* healthy test projectUITests.xctest */ = {isa = PBXFileReference; explicitFileType = wrapper.cfbundle; includeInIndex = 0; path = "healthy test projectUITests.xctest"; sourceTree = BUILT_PRODUCTS_DIR; };
		7B9631C229AE6DA9002854E6 /* healthy_test_projectUITests.swift */ = {isa = PBXFileReference; lastKnownFileType = sourcecode.swift; path = healthy_test_projectUITests.swift; sourceTree = "<group>"; };
		7B9631C429AE6DA9002854E6 /* healthy_test_projectUITestsLaunchTests.swift */ = {isa = PBXFileReference; lastKnownFileType = sourcecode.swift; path = healthy_test_projectUITestsLaunchTests.swift; sourceTree = "<group>"; };
		7B9631D229AE6F2D002854E6 /* GetCountry.swift */ = {isa = PBXFileReference; lastKnownFileType = sourcecode.swift; path = GetCountry.swift; sourceTree = "<group>"; };
/* End PBXFileReference section */

/* Begin PBXFrameworksBuildPhase section */
		7B9631A129AE6DA4002854E6 /* Frameworks */ = {
			isa = PBXFrameworksBuildPhase;
			buildActionMask = 2147483647;
			files = (
				7BB51F7029AEAC7000EDA20D /* SwiftyJSON in Frameworks */,
			);
			runOnlyForDeploymentPostprocessing = 0;
		};
		7B9631B129AE6DA9002854E6 /* Frameworks */ = {
			isa = PBXFrameworksBuildPhase;
			buildActionMask = 2147483647;
			files = (
			);
			runOnlyForDeploymentPostprocessing = 0;
		};
		7B9631BB29AE6DA9002854E6 /* Frameworks */ = {
			isa = PBXFrameworksBuildPhase;
			buildActionMask = 2147483647;
			files = (
			);
			runOnlyForDeploymentPostprocessing = 0;
		};
/* End PBXFrameworksBuildPhase section */

/* Begin PBXGroup section */
		5A22AE4029B3996D007733A0 /* ViewModel */ = {
			isa = PBXGroup;
			children = (
				7B9631A929AE6DA4002854E6 /* ContentView.swift */,
				5AA2BCCE29B2C15900ED706D /* country_details.swift */,
				5AA2BCD229B2F19D00ED706D /* Covid_Countries.swift */,
				5A22AE4129B39E03007733A0 /* CovidCountryDetails.swift */,
			);
			path = ViewModel;
			sourceTree = "<group>";
		};
		7B96319B29AE6DA4002854E6 = {
			isa = PBXGroup;
			children = (
				7B9631A629AE6DA4002854E6 /* healthy test project */,
				7B9631B729AE6DA9002854E6 /* healthy test projectTests */,
				7B9631C129AE6DA9002854E6 /* healthy test projectUITests */,
				7B9631A529AE6DA4002854E6 /* Products */,
			);
			sourceTree = "<group>";
		};
		7B9631A529AE6DA4002854E6 /* Products */ = {
			isa = PBXGroup;
			children = (
				7B9631A429AE6DA4002854E6 /* healthy test project.app */,
				7B9631B429AE6DA9002854E6 /* healthy test projectTests.xctest */,
				7B9631BE29AE6DA9002854E6 /* healthy test projectUITests.xctest */,
			);
			name = Products;
			sourceTree = "<group>";
		};
		7B9631A629AE6DA4002854E6 /* healthy test project */ = {
			isa = PBXGroup;
			children = (
				7B9631D129AE6EDC002854E6 /* View */,
				5A22AE4029B3996D007733A0 /* ViewModel */,
				7B9631A729AE6DA4002854E6 /* healthy_test_projectApp.swift */,
				7B9631AB29AE6DA9002854E6 /* Assets.xcassets */,
				7B9631AD29AE6DA9002854E6 /* Preview Content */,
			);
			path = "healthy test project";
			sourceTree = "<group>";
		};
		7B9631AD29AE6DA9002854E6 /* Preview Content */ = {
			isa = PBXGroup;
			children = (
				7B9631AE29AE6DA9002854E6 /* Preview Assets.xcassets */,
			);
			path = "Preview Content";
			sourceTree = "<group>";
		};
		7B9631B729AE6DA9002854E6 /* healthy test projectTests */ = {
			isa = PBXGroup;
			children = (
				7B9631B829AE6DA9002854E6 /* healthy_test_projectTests.swift */,
			);
			path = "healthy test projectTests";
			sourceTree = "<group>";
		};
		7B9631C129AE6DA9002854E6 /* healthy test projectUITests */ = {
			isa = PBXGroup;
			children = (
				7B9631C229AE6DA9002854E6 /* healthy_test_projectUITests.swift */,
				7B9631C429AE6DA9002854E6 /* healthy_test_projectUITestsLaunchTests.swift */,
			);
			path = "healthy test projectUITests";
			sourceTree = "<group>";
		};
		7B9631D129AE6EDC002854E6 /* View */ = {
			isa = PBXGroup;
			children = (
				7B9631D229AE6F2D002854E6 /* GetCountry.swift */,
				5A22AE3E29B396F8007733A0 /* CovidDetails.swift */,
			);
			path = View;
			sourceTree = "<group>";
		};
/* End PBXGroup section */

/* Begin PBXNativeTarget section */
		7B9631A329AE6DA4002854E6 /* healthy test project */ = {
			isa = PBXNativeTarget;
			buildConfigurationList = 7B9631C829AE6DA9002854E6 /* Build configuration list for PBXNativeTarget "healthy test project" */;
			buildPhases = (
				7B9631A029AE6DA4002854E6 /* Sources */,
				7B9631A129AE6DA4002854E6 /* Frameworks */,
				7B9631A229AE6DA4002854E6 /* Resources */,
			);
			buildRules = (
			);
			dependencies = (
			);
			name = "healthy test project";
			packageProductDependencies = (
				7BB51F6F29AEAC7000EDA20D /* SwiftyJSON */,
			);
			productName = "healthy test project";
			productReference = 7B9631A429AE6DA4002854E6 /* healthy test project.app */;
			productType = "com.apple.product-type.application";
		};
		7B9631B329AE6DA9002854E6 /* healthy test projectTests */ = {
			isa = PBXNativeTarget;
			buildConfigurationList = 7B9631CB29AE6DA9002854E6 /* Build configuration list for PBXNativeTarget "healthy test projectTests" */;
			buildPhases = (
				7B9631B029AE6DA9002854E6 /* Sources */,
				7B9631B129AE6DA9002854E6 /* Frameworks */,
				7B9631B229AE6DA9002854E6 /* Resources */,
			);
			buildRules = (
			);
			dependencies = (
				7B9631B629AE6DA9002854E6 /* PBXTargetDependency */,
			);
			name = "healthy test projectTests";
			productName = "healthy test projectTests";
			productReference = 7B9631B429AE6DA9002854E6 /* healthy test projectTests.xctest */;
			productType = "com.apple.product-type.bundle.unit-test";
		};
		7B9631BD29AE6DA9002854E6 /* healthy test projectUITests */ = {
			isa = PBXNativeTarget;
			buildConfigurationList = 7B9631CE29AE6DA9002854E6 /* Build configuration list for PBXNativeTarget "healthy test projectUITests" */;
			buildPhases = (
				7B9631BA29AE6DA9002854E6 /* Sources */,
				7B9631BB29AE6DA9002854E6 /* Frameworks */,
				7B9631BC29AE6DA9002854E6 /* Resources */,
			);
			buildRules = (
			);
			dependencies = (
				7B9631C029AE6DA9002854E6 /* PBXTargetDependency */,
			);
			name = "healthy test projectUITests";
			productName = "healthy test projectUITests";
			productReference = 7B9631BE29AE6DA9002854E6 /* healthy test projectUITests.xctest */;
			productType = "com.apple.product-type.bundle.ui-testing";
		};
/* End PBXNativeTarget section */

/* Begin PBXProject section */
		7B96319C29AE6DA4002854E6 /* Project object */ = {
			isa = PBXProject;
			attributes = {
				BuildIndependentTargetsInParallel = 1;
				LastSwiftUpdateCheck = 1420;
				LastUpgradeCheck = 1420;
				TargetAttributes = {
					7B9631A329AE6DA4002854E6 = {
						CreatedOnToolsVersion = 14.2;
					};
					7B9631B329AE6DA9002854E6 = {
						CreatedOnToolsVersion = 14.2;
						TestTargetID = 7B9631A329AE6DA4002854E6;
					};
					7B9631BD29AE6DA9002854E6 = {
						CreatedOnToolsVersion = 14.2;
						TestTargetID = 7B9631A329AE6DA4002854E6;
					};
				};
			};
			buildConfigurationList = 7B96319F29AE6DA4002854E6 /* Build configuration list for PBXProject "healthy test project" */;
			compatibilityVersion = "Xcode 14.0";
			developmentRegion = en;
			hasScannedForEncodings = 0;
			knownRegions = (
				en,
				Base,
			);
			mainGroup = 7B96319B29AE6DA4002854E6;
			packageReferences = (
				7BB51F6E29AEAC7000EDA20D /* XCRemoteSwiftPackageReference "SwiftyJSON" */,
			);
			productRefGroup = 7B9631A529AE6DA4002854E6 /* Products */;
			projectDirPath = "";
			projectRoot = "";
			targets = (
				7B9631A329AE6DA4002854E6 /* healthy test project */,
				7B9631B329AE6DA9002854E6 /* healthy test projectTests */,
				7B9631BD29AE6DA9002854E6 /* healthy test projectUITests */,
			);
		};
/* End PBXProject section */

/* Begin PBXResourcesBuildPhase section */
		7B9631A229AE6DA4002854E6 /* Resources */ = {
			isa = PBXResourcesBuildPhase;
			buildActionMask = 2147483647;
			files = (
				7B9631AF29AE6DA9002854E6 /* Preview Assets.xcassets in Resources */,
				7B9631AC29AE6DA9002854E6 /* Assets.xcassets in Resources */,
			);
			runOnlyForDeploymentPostprocessing = 0;
		};
		7B9631B229AE6DA9002854E6 /* Resources */ = {
			isa = PBXResourcesBuildPhase;
			buildActionMask = 2147483647;
			files = (
			);
			runOnlyForDeploymentPostprocessing = 0;
		};
		7B9631BC29AE6DA9002854E6 /* Resources */ = {
			isa = PBXResourcesBuildPhase;
			buildActionMask = 2147483647;
			files = (
			);
			runOnlyForDeploymentPostprocessing = 0;
		};
/* End PBXResourcesBuildPhase section */

/* Begin PBXSourcesBuildPhase section */
		7B9631A029AE6DA4002854E6 /* Sources */ = {
			isa = PBXSourcesBuildPhase;
			buildActionMask = 2147483647;
			files = (
				7B9631AA29AE6DA4002854E6 /* ContentView.swift in Sources */,
				7B9631A829AE6DA4002854E6 /* healthy_test_projectApp.swift in Sources */,
				5A22AE3F29B396F8007733A0 /* CovidDetails.swift in Sources */,
				5A22AE4229B39E03007733A0 /* CovidCountryDetails.swift in Sources */,
				7B9631D329AE6F2D002854E6 /* GetCountry.swift in Sources */,
				5AA2BCD329B2F19D00ED706D /* Covid_Countries.swift in Sources */,
				5AA2BCCF29B2C15900ED706D /* country_details.swift in Sources */,
			);
			runOnlyForDeploymentPostprocessing = 0;
		};
		7B9631B029AE6DA9002854E6 /* Sources */ = {
			isa = PBXSourcesBuildPhase;
			buildActionMask = 2147483647;
			files = (
				7B9631B929AE6DA9002854E6 /* healthy_test_projectTests.swift in Sources */,
			);
			runOnlyForDeploymentPostprocessing = 0;
		};
		7B9631BA29AE6DA9002854E6 /* Sources */ = {
			isa = PBXSourcesBuildPhase;
			buildActionMask = 2147483647;
			files = (
				7B9631C529AE6DA9002854E6 /* healthy_test_projectUITestsLaunchTests.swift in Sources */,
				7B9631C329AE6DA9002854E6 /* healthy_test_projectUITests.swift in Sources */,
			);
			runOnlyForDeploymentPostprocessing = 0;
		};
/* End PBXSourcesBuildPhase section */

/* Begin PBXTargetDependency section */
		7B9631B629AE6DA9002854E6 /* PBXTargetDependency */ = {
			isa = PBXTargetDependency;
			target = 7B9631A329AE6DA4002854E6 /* healthy test project */;
			targetProxy = 7B9631B529AE6DA9002854E6 /* PBXContainerItemProxy */;
		};
		7B9631C029AE6DA9002854E6 /* PBXTargetDependency */ = {
			isa = PBXTargetDependency;
			target = 7B9631A329AE6DA4002854E6 /* healthy test project */;
			targetProxy = 7B9631BF29AE6DA9002854E6 /* PBXContainerItemProxy */;
		};
/* End PBXTargetDependency section */

/* Begin XCBuildConfiguration section */
		7B9631C629AE6DA9002854E6 /* Debug */ = {
			isa = XCBuildConfiguration;
			buildSettings = {
				ALWAYS_SEARCH_USER_PATHS = NO;
				CLANG_ANALYZER_NONNULL = YES;
				CLANG_ANALYZER_NUMBER_OBJECT_CONVERSION = YES_AGGRESSIVE;
				CLANG_CXX_LANGUAGE_STANDARD = "gnu++20";
				CLANG_ENABLE_MODULES = YES;
				CLANG_ENABLE_OBJC_ARC = YES;
				CLANG_ENABLE_OBJC_WEAK = YES;
				CLANG_WARN_BLOCK_CAPTURE_AUTORELEASING = YES;
				CLANG_WARN_BOOL_CONVERSION = YES;
				CLANG_WARN_COMMA = YES;
				CLANG_WARN_CONSTANT_CONVERSION = YES;
				CLANG_WARN_DEPRECATED_OBJC_IMPLEMENTATIONS = YES;
				CLANG_WARN_DIRECT_OBJC_ISA_USAGE = YES_ERROR;
				CLANG_WARN_DOCUMENTATION_COMMENTS = YES;
				CLANG_WARN_EMPTY_BODY = YES;
				CLANG_WARN_ENUM_CONVERSION = YES;
				CLANG_WARN_INFINITE_RECURSION = YES;
				CLANG_WARN_INT_CONVERSION = YES;
				CLANG_WARN_NON_LITERAL_NULL_CONVERSION = YES;
				CLANG_WARN_OBJC_IMPLICIT_RETAIN_SELF = YES;
				CLANG_WARN_OBJC_LITERAL_CONVERSION = YES;
				CLANG_WARN_OBJC_ROOT_CLASS = YES_ERROR;
				CLANG_WARN_QUOTED_INCLUDE_IN_FRAMEWORK_HEADER = YES;
				CLANG_WARN_RANGE_LOOP_ANALYSIS = YES;
				CLANG_WARN_STRICT_PROTOTYPES = YES;
				CLANG_WARN_SUSPICIOUS_MOVE = YES;
				CLANG_WARN_UNGUARDED_AVAILABILITY = YES_AGGRESSIVE;
				CLANG_WARN_UNREACHABLE_CODE = YES;
				CLANG_WARN__DUPLICATE_METHOD_MATCH = YES;
				COPY_PHASE_STRIP = NO;
				DEBUG_INFORMATION_FORMAT = dwarf;
				ENABLE_STRICT_OBJC_MSGSEND = YES;
				ENABLE_TESTABILITY = YES;
				GCC_C_LANGUAGE_STANDARD = gnu11;
				GCC_DYNAMIC_NO_PIC = NO;
				GCC_NO_COMMON_BLOCKS = YES;
				GCC_OPTIMIZATION_LEVEL = 0;
				GCC_PREPROCESSOR_DEFINITIONS = (
					"DEBUG=1",
					"$(inherited)",
				);
				GCC_WARN_64_TO_32_BIT_CONVERSION = YES;
				GCC_WARN_ABOUT_RETURN_TYPE = YES_ERROR;
				GCC_WARN_UNDECLARED_SELECTOR = YES;
				GCC_WARN_UNINITIALIZED_AUTOS = YES_AGGRESSIVE;
				GCC_WARN_UNUSED_FUNCTION = YES;
				GCC_WARN_UNUSED_VARIABLE = YES;
				IPHONEOS_DEPLOYMENT_TARGET = 16.2;
				MTL_ENABLE_DEBUG_INFO = INCLUDE_SOURCE;
				MTL_FAST_MATH = YES;
				ONLY_ACTIVE_ARCH = YES;
				SDKROOT = iphoneos;
				SWIFT_ACTIVE_COMPILATION_CONDITIONS = DEBUG;
				SWIFT_OPTIMIZATION_LEVEL = "-Onone";
			};
			name = Debug;
		};
		7B9631C729AE6DA9002854E6 /* Release */ = {
			isa = XCBuildConfiguration;
			buildSettings = {
				ALWAYS_SEARCH_USER_PATHS = NO;
				CLANG_ANALYZER_NONNULL = YES;
				CLANG_ANALYZER_NUMBER_OBJECT_CONVERSION = YES_AGGRESSIVE;
				CLANG_CXX_LANGUAGE_STANDARD = "gnu++20";
				CLANG_ENABLE_MODULES = YES;
				CLANG_ENABLE_OBJC_ARC = YES;
				CLANG_ENABLE_OBJC_WEAK = YES;
				CLANG_WARN_BLOCK_CAPTURE_AUTORELEASING = YES;
				CLANG_WARN_BOOL_CONVERSION = YES;
				CLANG_WARN_COMMA = YES;
				CLANG_WARN_CONSTANT_CONVERSION = YES;
				CLANG_WARN_DEPRECATED_OBJC_IMPLEMENTATIONS = YES;
				CLANG_WARN_DIRECT_OBJC_ISA_USAGE = YES_ERROR;
				CLANG_WARN_DOCUMENTATION_COMMENTS = YES;
				CLANG_WARN_EMPTY_BODY = YES;
				CLANG_WARN_ENUM_CONVERSION = YES;
				CLANG_WARN_INFINITE_RECURSION = YES;
				CLANG_WARN_INT_CONVERSION = YES;
				CLANG_WARN_NON_LITERAL_NULL_CONVERSION = YES;
				CLANG_WARN_OBJC_IMPLICIT_RETAIN_SELF = YES;
				CLANG_WARN_OBJC_LITERAL_CONVERSION = YES;
				CLANG_WARN_OBJC_ROOT_CLASS = YES_ERROR;
				CLANG_WARN_QUOTED_INCLUDE_IN_FRAMEWORK_HEADER = YES;
				CLANG_WARN_RANGE_LOOP_ANALYSIS = YES;
				CLANG_WARN_STRICT_PROTOTYPES = YES;
				CLANG_WARN_SUSPICIOUS_MOVE = YES;
				CLANG_WARN_UNGUARDED_AVAILABILITY = YES_AGGRESSIVE;
				CLANG_WARN_UNREACHABLE_CODE = YES;
				CLANG_WARN__DUPLICATE_METHOD_MATCH = YES;
				COPY_PHASE_STRIP = NO;
				DEBUG_INFORMATION_FORMAT = "dwarf-with-dsym";
				ENABLE_NS_ASSERTIONS = NO;
				ENABLE_STRICT_OBJC_MSGSEND = YES;
				GCC_C_LANGUAGE_STANDARD = gnu11;
				GCC_NO_COMMON_BLOCKS = YES;
				GCC_WARN_64_TO_32_BIT_CONVERSION = YES;
				GCC_WARN_ABOUT_RETURN_TYPE = YES_ERROR;
				GCC_WARN_UNDECLARED_SELECTOR = YES;
				GCC_WARN_UNINITIALIZED_AUTOS = YES_AGGRESSIVE;
				GCC_WARN_UNUSED_FUNCTION = YES;
				GCC_WARN_UNUSED_VARIABLE = YES;
				IPHONEOS_DEPLOYMENT_TARGET = 16.2;
				MTL_ENABLE_DEBUG_INFO = NO;
				MTL_FAST_MATH = YES;
				SDKROOT = iphoneos;
				SWIFT_COMPILATION_MODE = wholemodule;
				SWIFT_OPTIMIZATION_LEVEL = "-O";
				VALIDATE_PRODUCT = YES;
			};
			name = Release;
		};
		7B9631C929AE6DA9002854E6 /* Debug */ = {
			isa = XCBuildConfiguration;
			buildSettings = {
				ASSETCATALOG_COMPILER_APPICON_NAME = AppIcon;
				ASSETCATALOG_COMPILER_GLOBAL_ACCENT_COLOR_NAME = AccentColor;
				CODE_SIGN_STYLE = Automatic;
				CURRENT_PROJECT_VERSION = 1;
				DEVELOPMENT_ASSET_PATHS = "\"healthy test project/Preview Content\"";
				ENABLE_PREVIEWS = YES;
				GENERATE_INFOPLIST_FILE = YES;
				INFOPLIST_KEY_UIApplicationSceneManifest_Generation = YES;
				INFOPLIST_KEY_UIApplicationSupportsIndirectInputEvents = YES;
				INFOPLIST_KEY_UILaunchScreen_Generation = YES;
				INFOPLIST_KEY_UISupportedInterfaceOrientations_iPad = "UIInterfaceOrientationPortrait UIInterfaceOrientationPortraitUpsideDown UIInterfaceOrientationLandscapeLeft UIInterfaceOrientationLandscapeRight";
				INFOPLIST_KEY_UISupportedInterfaceOrientations_iPhone = "UIInterfaceOrientationPortrait UIInterfaceOrientationLandscapeLeft UIInterfaceOrientationLandscapeRight";
				LD_RUNPATH_SEARCH_PATHS = (
					"$(inherited)",
					"@executable_path/Frameworks",
				);
				MARKETING_VERSION = 1.0;
				PRODUCT_BUNDLE_IDENTIFIER = "sinath.ga.healthy-test-project";
				PRODUCT_NAME = "$(TARGET_NAME)";
				SWIFT_EMIT_LOC_STRINGS = YES;
				SWIFT_VERSION = 5.0;
				TARGETED_DEVICE_FAMILY = "1,2";
			};
			name = Debug;
		};
		7B9631CA29AE6DA9002854E6 /* Release */ = {
			isa = XCBuildConfiguration;
			buildSettings = {
				ASSETCATALOG_COMPILER_APPICON_NAME = AppIcon;
				ASSETCATALOG_COMPILER_GLOBAL_ACCENT_COLOR_NAME = AccentColor;
				CODE_SIGN_STYLE = Automatic;
				CURRENT_PROJECT_VERSION = 1;
				DEVELOPMENT_ASSET_PATHS = "\"healthy test project/Preview Content\"";
				ENABLE_PREVIEWS = YES;
				GENERATE_INFOPLIST_FILE = YES;
				INFOPLIST_KEY_UIApplicationSceneManifest_Generation = YES;
				INFOPLIST_KEY_UIApplicationSupportsIndirectInputEvents = YES;
				INFOPLIST_KEY_UILaunchScreen_Generation = YES;
				INFOPLIST_KEY_UISupportedInterfaceOrientations_iPad = "UIInterfaceOrientationPortrait UIInterfaceOrientationPortraitUpsideDown UIInterfaceOrientationLandscapeLeft UIInterfaceOrientationLandscapeRight";
				INFOPLIST_KEY_UISupportedInterfaceOrientations_iPhone = "UIInterfaceOrientationPortrait UIInterfaceOrientationLandscapeLeft UIInterfaceOrientationLandscapeRight";
				LD_RUNPATH_SEARCH_PATHS = (
					"$(inherited)",
					"@executable_path/Frameworks",
				);
				MARKETING_VERSION = 1.0;
				PRODUCT_BUNDLE_IDENTIFIER = "sinath.ga.healthy-test-project";
				PRODUCT_NAME = "$(TARGET_NAME)";
				SWIFT_EMIT_LOC_STRINGS = YES;
				SWIFT_VERSION = 5.0;
				TARGETED_DEVICE_FAMILY = "1,2";
			};
			name = Release;
		};
		7B9631CC29AE6DA9002854E6 /* Debug */ = {
			isa = XCBuildConfiguration;
			buildSettings = {
				ALWAYS_EMBED_SWIFT_STANDARD_LIBRARIES = YES;
				BUNDLE_LOADER = "$(TEST_HOST)";
				CODE_SIGN_STYLE = Automatic;
				CURRENT_PROJECT_VERSION = 1;
				GENERATE_INFOPLIST_FILE = YES;
				IPHONEOS_DEPLOYMENT_TARGET = 16.2;
				MARKETING_VERSION = 1.0;
				PRODUCT_BUNDLE_IDENTIFIER = "sinath.ga.healthy-test-projectTests";
				PRODUCT_NAME = "$(TARGET_NAME)";
				SWIFT_EMIT_LOC_STRINGS = NO;
				SWIFT_VERSION = 5.0;
				TARGETED_DEVICE_FAMILY = "1,2";
				TEST_HOST = "$(BUILT_PRODUCTS_DIR)/healthy test project.app/$(BUNDLE_EXECUTABLE_FOLDER_PATH)/healthy test project";
			};
			name = Debug;
		};
		7B9631CD29AE6DA9002854E6 /* Release */ = {
			isa = XCBuildConfiguration;
			buildSettings = {
				ALWAYS_EMBED_SWIFT_STANDARD_LIBRARIES = YES;
				BUNDLE_LOADER = "$(TEST_HOST)";
				CODE_SIGN_STYLE = Automatic;
				CURRENT_PROJECT_VERSION = 1;
				GENERATE_INFOPLIST_FILE = YES;
				IPHONEOS_DEPLOYMENT_TARGET = 16.2;
				MARKETING_VERSION = 1.0;
				PRODUCT_BUNDLE_IDENTIFIER = "sinath.ga.healthy-test-projectTests";
				PRODUCT_NAME = "$(TARGET_NAME)";
				SWIFT_EMIT_LOC_STRINGS = NO;
				SWIFT_VERSION = 5.0;
				TARGETED_DEVICE_FAMILY = "1,2";
				TEST_HOST = "$(BUILT_PRODUCTS_DIR)/healthy test project.app/$(BUNDLE_EXECUTABLE_FOLDER_PATH)/healthy test project";
			};
			name = Release;
		};
		7B9631CF29AE6DA9002854E6 /* Debug */ = {
			isa = XCBuildConfiguration;
			buildSettings = {
				ALWAYS_EMBED_SWIFT_STANDARD_LIBRARIES = YES;
				CODE_SIGN_STYLE = Automatic;
				CURRENT_PROJECT_VERSION = 1;
				GENERATE_INFOPLIST_FILE = YES;
				MARKETING_VERSION = 1.0;
				PRODUCT_BUNDLE_IDENTIFIER = "sinath.ga.healthy-test-projectUITests";
				PRODUCT_NAME = "$(TARGET_NAME)";
				SWIFT_EMIT_LOC_STRINGS = NO;
				SWIFT_VERSION = 5.0;
				TARGETED_DEVICE_FAMILY = "1,2";
				TEST_TARGET_NAME = "healthy test project";
			};
			name = Debug;
		};
		7B9631D029AE6DA9002854E6 /* Release */ = {
			isa = XCBuildConfiguration;
			buildSettings = {
				ALWAYS_EMBED_SWIFT_STANDARD_LIBRARIES = YES;
				CODE_SIGN_STYLE = Automatic;
				CURRENT_PROJECT_VERSION = 1;
				GENERATE_INFOPLIST_FILE = YES;
				MARKETING_VERSION = 1.0;
				PRODUCT_BUNDLE_IDENTIFIER = "sinath.ga.healthy-test-projectUITests";
				PRODUCT_NAME = "$(TARGET_NAME)";
				SWIFT_EMIT_LOC_STRINGS = NO;
				SWIFT_VERSION = 5.0;
				TARGETED_DEVICE_FAMILY = "1,2";
				TEST_TARGET_NAME = "healthy test project";
			};
			name = Release;
		};
/* End XCBuildConfiguration section */

/* Begin XCConfigurationList section */
		7B96319F29AE6DA4002854E6 /* Build configuration list for PBXProject "healthy test project" */ = {
			isa = XCConfigurationList;
			buildConfigurations = (
				7B9631C629AE6DA9002854E6 /* Debug */,
				7B9631C729AE6DA9002854E6 /* Release */,
			);
			defaultConfigurationIsVisible = 0;
			defaultConfigurationName = Release;
		};
		7B9631C829AE6DA9002854E6 /* Build configuration list for PBXNativeTarget "healthy test project" */ = {
			isa = XCConfigurationList;
			buildConfigurations = (
				7B9631C929AE6DA9002854E6 /* Debug */,
				7B9631CA29AE6DA9002854E6 /* Release */,
			);
			defaultConfigurationIsVisible = 0;
			defaultConfigurationName = Release;
		};
		7B9631CB29AE6DA9002854E6 /* Build configuration list for PBXNativeTarget "healthy test projectTests" */ = {
			isa = XCConfigurationList;
			buildConfigurations = (
				7B9631CC29AE6DA9002854E6 /* Debug */,
				7B9631CD29AE6DA9002854E6 /* Release */,
			);
			defaultConfigurationIsVisible = 0;
			defaultConfigurationName = Release;
		};
		7B9631CE29AE6DA9002854E6 /* Build configuration list for PBXNativeTarget "healthy test projectUITests" */ = {
			isa = XCConfigurationList;
			buildConfigurations = (
				7B9631CF29AE6DA9002854E6 /* Debug */,
				7B9631D029AE6DA9002854E6 /* Release */,
			);
			defaultConfigurationIsVisible = 0;
			defaultConfigurationName = Release;
		};
/* End XCConfigurationList section */

/* Begin XCRemoteSwiftPackageReference section */
		7BB51F6E29AEAC7000EDA20D /* XCRemoteSwiftPackageReference "SwiftyJSON" */ = {
			isa = XCRemoteSwiftPackageReference;
			repositoryURL = "https://github.com/SwiftyJSON/SwiftyJSON.git";
			requirement = {
				kind = upToNextMajorVersion;
				minimumVersion = 5.0.0;
			};
		};
/* End XCRemoteSwiftPackageReference section */

/* Begin XCSwiftPackageProductDependency section */
		7BB51F6F29AEAC7000EDA20D /* SwiftyJSON */ = {
			isa = XCSwiftPackageProductDependency;
			package = 7BB51F6E29AEAC7000EDA20D /* XCRemoteSwiftPackageReference "SwiftyJSON" */;
			productName = SwiftyJSON;
		};
/* End XCSwiftPackageProductDependency section */
	};
	rootObject = 7B96319C29AE6DA4002854E6 /* Project object */;
}
